
Microsoft Visual Studio Solution File, Format Version 12.00
# Visual Studio Version 17
VisualStudioVersion = 17.7.34221.43
MinimumVisualStudioVersion = 10.0.40219.1
Project("{9A19103F-16F7-4668-BE54-9A1E7A4F7556}") = "downloader", "downloader\downloader.csproj", "{7311A7E0-5C22-4A21-853B-058A143ADE76}"
EndProject
Project("{FAE04EC0-301F-11D3-BF4B-00C04F79EFBC}") = "downloader.Tests", "downloader.Tests\downloader.Tests.csproj", "{4D205612-C825-4716-9975-0A1E672C5B54}"
EndProject
Global
	GlobalSection(SolutionConfigurationPlatforms) = preSolution
		Debug|Any CPU = Debug|Any CPU
		Release|Any CPU = Release|Any CPU
	EndGlobalSection
	GlobalSection(ProjectConfigurationPlatforms) = postSolution
		{7311A7E0-5C22-4A21-853B-058A143ADE76}.Debug|Any CPU.ActiveCfg = Debug|Any CPU
		{7311A7E0-5C22-4A21-853B-058A143ADE76}.Debug|Any CPU.Build.0 = Debug|Any CPU
		{7311A7E0-5C22-4A21-853B-058A143ADE76}.Release|Any CPU.ActiveCfg = Release|Any CPU
		{7311A7E0-5C22-4A21-853B-058A143ADE76}.Release|Any CPU.Build.0 = Release|Any CPU
		{4D205612-C825-4716-9975-0A1E672C5B54}.Debug|Any CPU.ActiveCfg = Debug|Any CPU
		{4D205612-C825-4716-9975-0A1E672C5B54}.Debug|Any CPU.Build.0 = Debug|Any CPU
		{4D205612-C825-4716-9975-0A1E672C5B54}.Release|Any CPU.ActiveCfg = Release|Any CPU
		{4D205612-C825-4716-9975-0A1E672C5B54}.Release|Any CPU.Build.0 = Release|Any CPU
	EndGlobalSection
	GlobalSection(SolutionProperties) = preSolution
		HideSolutionNode = FALSE
	EndGlobalSection
	GlobalSection(ExtensibilityGlobals) = postSolution
		SolutionGuid = {C86275D7-BB7C-4034-BA46-1340BD0D21FF}
	EndGlobalSection
EndGlobal
